
Microsoft Visual Studio Solution File, Format Version 9.00
# Visual Studio 2005
Project("{D2ABAB84-BF74-430A-B69E-9DC6D40DDA17}") = "Amadeus Analysis Services", "Amadeus Analysis Services\Amadeus Analysis Services.dwproj", "{7FD55700-C09A-4EF7-8B50-A64E59435A00}"
EndProject
Global
	GlobalSection(SolutionConfigurationPlatforms) = preSolution
		Development|Default = Development|Default
	EndGlobalSection
	GlobalSection(ProjectConfigurationPlatforms) = postSolution
		{7FD55700-C09A-4EF7-8B50-A64E59435A00}.Development|Default.ActiveCfg = Development
		{7FD55700-C09A-4EF7-8B50-A64E59435A00}.Development|Default.Build.0 = Development
		{7FD55700-C09A-4EF7-8B50-A64E59435A00}.Development|Default.Deploy.0 = Development
	EndGlobalSection
	GlobalSection(SolutionProperties) = preSolution
		HideSolutionNode = FALSE
	EndGlobalSection
EndGlobal
